// !$*UTF8*$!
{
	archiveVersion = 1;
	classes = {
	};
	objectVersion = 56;
	objects = {

/* Begin PBXBuildFile section */
		0EF250E3E0EA8671C4F2675D /* Pods_PodcastFeed.framework in Frameworks */ = {isa = PBXBuildFile; fileRef = EC5F5C8F787D7D4FCBB0CE67 /* Pods_PodcastFeed.framework */; };
		444BADD469D92F4C9DFEF850 /* Pods_PodcastFeed_PodcastFeedTests.framework in Frameworks */ = {isa = PBXBuildFile; fileRef = D98EF51D1B57050A4AAA9DAA /* Pods_PodcastFeed_PodcastFeedTests.framework */; };
		596EDFAA29F8E2C1007C89F0 /* PodcastFeed.framework in Frameworks */ = {isa = PBXBuildFile; fileRef = 596EDF9F29F8E2C1007C89F0 /* PodcastFeed.framework */; };
		596EDFAF29F8E2C1007C89F0 /* PodcastFeedEndToEndAPITests.swift in Sources */ = {isa = PBXBuildFile; fileRef = 596EDFAE29F8E2C1007C89F0 /* PodcastFeedEndToEndAPITests.swift */; };
		596EDFBA29F8E9F6007C89F0 /* PodcastFeedTests.swift in Sources */ = {isa = PBXBuildFile; fileRef = 596EDFB929F8E9F6007C89F0 /* PodcastFeedTests.swift */; };
		596EDFBC29F8EA58007C89F0 /* PodcastLoader.swift in Sources */ = {isa = PBXBuildFile; fileRef = 596EDFBB29F8EA58007C89F0 /* PodcastLoader.swift */; };
		5974A77B29F911590025F535 /* README.md in Resources */ = {isa = PBXBuildFile; fileRef = 5974A77A29F911590025F535 /* README.md */; };
		5974A77E29F913D60025F535 /* PodcastClient.swift in Sources */ = {isa = PBXBuildFile; fileRef = 5974A77D29F913D60025F535 /* PodcastClient.swift */; };
		5975120929F9176900B193EE /* Podcast.swift in Sources */ = {isa = PBXBuildFile; fileRef = 5975120829F9176900B193EE /* Podcast.swift */; };
		5975120B29F917E100B193EE /* PodcastLoaderAPI.swift in Sources */ = {isa = PBXBuildFile; fileRef = 5975120A29F917E100B193EE /* PodcastLoaderAPI.swift */; };
		5975121029F94E0800B193EE /* Dummy.json in Resources */ = {isa = PBXBuildFile; fileRef = 5975120F29F94E0800B193EE /* Dummy.json */; };
		5975121229F9553200B193EE /* RemotePodcastClient.swift in Sources */ = {isa = PBXBuildFile; fileRef = 5975121129F9553200B193EE /* RemotePodcastClient.swift */; };
		5975122A29F961E900B193EE /* PodcastFeediOS.framework in Frameworks */ = {isa = PBXBuildFile; fileRef = 5975122029F961E900B193EE /* PodcastFeediOS.framework */; };
		5975122F29F961EA00B193EE /* PodcastFeediOSTests.swift in Sources */ = {isa = PBXBuildFile; fileRef = 5975122E29F961EA00B193EE /* PodcastFeediOSTests.swift */; };
/* End PBXBuildFile section */

/* Begin PBXContainerItemProxy section */
		596EDFAB29F8E2C1007C89F0 /* PBXContainerItemProxy */ = {
			isa = PBXContainerItemProxy;
			containerPortal = 596EDF9629F8E2C1007C89F0 /* Project object */;
			proxyType = 1;
			remoteGlobalIDString = 596EDF9E29F8E2C1007C89F0;
			remoteInfo = PodcastFeed;
		};
		5975122B29F961E900B193EE /* PBXContainerItemProxy */ = {
			isa = PBXContainerItemProxy;
			containerPortal = 596EDF9629F8E2C1007C89F0 /* Project object */;
			proxyType = 1;
			remoteGlobalIDString = 5975121F29F961E900B193EE;
			remoteInfo = PodcastFeediOS;
		};
/* End PBXContainerItemProxy section */

/* Begin PBXFileReference section */
		596EDF9F29F8E2C1007C89F0 /* PodcastFeed.framework */ = {isa = PBXFileReference; explicitFileType = wrapper.framework; includeInIndex = 0; path = PodcastFeed.framework; sourceTree = BUILT_PRODUCTS_DIR; };
		596EDFA929F8E2C1007C89F0 /* PodcastFeedTests.xctest */ = {isa = PBXFileReference; explicitFileType = wrapper.cfbundle; includeInIndex = 0; path = PodcastFeedTests.xctest; sourceTree = BUILT_PRODUCTS_DIR; };
		596EDFAE29F8E2C1007C89F0 /* PodcastFeedEndToEndAPITests.swift */ = {isa = PBXFileReference; lastKnownFileType = sourcecode.swift; path = PodcastFeedEndToEndAPITests.swift; sourceTree = "<group>"; };
		596EDFB929F8E9F6007C89F0 /* PodcastFeedTests.swift */ = {isa = PBXFileReference; lastKnownFileType = sourcecode.swift; path = PodcastFeedTests.swift; sourceTree = "<group>"; };
		596EDFBB29F8EA58007C89F0 /* PodcastLoader.swift */ = {isa = PBXFileReference; lastKnownFileType = sourcecode.swift; path = PodcastLoader.swift; sourceTree = "<group>"; };
		5974A77A29F911590025F535 /* README.md */ = {isa = PBXFileReference; fileEncoding = 4; lastKnownFileType = net.daringfireball.markdown; path = README.md; sourceTree = "<group>"; };
		5974A77D29F913D60025F535 /* PodcastClient.swift */ = {isa = PBXFileReference; lastKnownFileType = sourcecode.swift; path = PodcastClient.swift; sourceTree = "<group>"; };
		5975120829F9176900B193EE /* Podcast.swift */ = {isa = PBXFileReference; lastKnownFileType = sourcecode.swift; path = Podcast.swift; sourceTree = "<group>"; };
		5975120A29F917E100B193EE /* PodcastLoaderAPI.swift */ = {isa = PBXFileReference; lastKnownFileType = sourcecode.swift; path = PodcastLoaderAPI.swift; sourceTree = "<group>"; };
		5975120F29F94E0800B193EE /* Dummy.json */ = {isa = PBXFileReference; lastKnownFileType = text.json; path = Dummy.json; sourceTree = "<group>"; xcLanguageSpecificationIdentifier = xcode.lang.json; };
		5975121129F9553200B193EE /* RemotePodcastClient.swift */ = {isa = PBXFileReference; lastKnownFileType = sourcecode.swift; path = RemotePodcastClient.swift; sourceTree = "<group>"; };
		5975122029F961E900B193EE /* PodcastFeediOS.framework */ = {isa = PBXFileReference; explicitFileType = wrapper.framework; includeInIndex = 0; path = PodcastFeediOS.framework; sourceTree = BUILT_PRODUCTS_DIR; };
		5975122929F961E900B193EE /* PodcastFeediOSTests.xctest */ = {isa = PBXFileReference; explicitFileType = wrapper.cfbundle; includeInIndex = 0; path = PodcastFeediOSTests.xctest; sourceTree = BUILT_PRODUCTS_DIR; };
		5975122E29F961EA00B193EE /* PodcastFeediOSTests.swift */ = {isa = PBXFileReference; lastKnownFileType = sourcecode.swift; path = PodcastFeediOSTests.swift; sourceTree = "<group>"; };
		810F04BE47ECD287DA18ADE7 /* Pods-PodcastFeed-PodcastFeedTests.debug.xcconfig */ = {isa = PBXFileReference; includeInIndex = 1; lastKnownFileType = text.xcconfig; name = "Pods-PodcastFeed-PodcastFeedTests.debug.xcconfig"; path = "Target Support Files/Pods-PodcastFeed-PodcastFeedTests/Pods-PodcastFeed-PodcastFeedTests.debug.xcconfig"; sourceTree = "<group>"; };
		C1DB9E5485C34170272B9708 /* Pods-PodcastFeed.release.xcconfig */ = {isa = PBXFileReference; includeInIndex = 1; lastKnownFileType = text.xcconfig; name = "Pods-PodcastFeed.release.xcconfig"; path = "Target Support Files/Pods-PodcastFeed/Pods-PodcastFeed.release.xcconfig"; sourceTree = "<group>"; };
		C90BF3B22B02A041D6224BAB /* Pods-PodcastFeed.debug.xcconfig */ = {isa = PBXFileReference; includeInIndex = 1; lastKnownFileType = text.xcconfig; name = "Pods-PodcastFeed.debug.xcconfig"; path = "Target Support Files/Pods-PodcastFeed/Pods-PodcastFeed.debug.xcconfig"; sourceTree = "<group>"; };
		D98EF51D1B57050A4AAA9DAA /* Pods_PodcastFeed_PodcastFeedTests.framework */ = {isa = PBXFileReference; explicitFileType = wrapper.framework; includeInIndex = 0; path = Pods_PodcastFeed_PodcastFeedTests.framework; sourceTree = BUILT_PRODUCTS_DIR; };
		EC5F5C8F787D7D4FCBB0CE67 /* Pods_PodcastFeed.framework */ = {isa = PBXFileReference; explicitFileType = wrapper.framework; includeInIndex = 0; path = Pods_PodcastFeed.framework; sourceTree = BUILT_PRODUCTS_DIR; };
		FE49B668B084678DFB9DF743 /* Pods-PodcastFeed-PodcastFeedTests.release.xcconfig */ = {isa = PBXFileReference; includeInIndex = 1; lastKnownFileType = text.xcconfig; name = "Pods-PodcastFeed-PodcastFeedTests.release.xcconfig"; path = "Target Support Files/Pods-PodcastFeed-PodcastFeedTests/Pods-PodcastFeed-PodcastFeedTests.release.xcconfig"; sourceTree = "<group>"; };
/* End PBXFileReference section */

/* Begin PBXFrameworksBuildPhase section */
		596EDF9C29F8E2C1007C89F0 /* Frameworks */ = {
			isa = PBXFrameworksBuildPhase;
			buildActionMask = 2147483647;
			files = (
				0EF250E3E0EA8671C4F2675D /* Pods_PodcastFeed.framework in Frameworks */,
			);
			runOnlyForDeploymentPostprocessing = 0;
		};
		596EDFA629F8E2C1007C89F0 /* Frameworks */ = {
			isa = PBXFrameworksBuildPhase;
			buildActionMask = 2147483647;
			files = (
				596EDFAA29F8E2C1007C89F0 /* PodcastFeed.framework in Frameworks */,
				444BADD469D92F4C9DFEF850 /* Pods_PodcastFeed_PodcastFeedTests.framework in Frameworks */,
			);
			runOnlyForDeploymentPostprocessing = 0;
		};
		5975121D29F961E900B193EE /* Frameworks */ = {
			isa = PBXFrameworksBuildPhase;
			buildActionMask = 2147483647;
			files = (
			);
			runOnlyForDeploymentPostprocessing = 0;
		};
		5975122629F961E900B193EE /* Frameworks */ = {
			isa = PBXFrameworksBuildPhase;
			buildActionMask = 2147483647;
			files = (
				5975122A29F961E900B193EE /* PodcastFeediOS.framework in Frameworks */,
			);
			runOnlyForDeploymentPostprocessing = 0;
		};
/* End PBXFrameworksBuildPhase section */

/* Begin PBXGroup section */
		01016ABBB23C4A88175DDFBA /* Pods */ = {
			isa = PBXGroup;
			children = (
				C90BF3B22B02A041D6224BAB /* Pods-PodcastFeed.debug.xcconfig */,
				C1DB9E5485C34170272B9708 /* Pods-PodcastFeed.release.xcconfig */,
				810F04BE47ECD287DA18ADE7 /* Pods-PodcastFeed-PodcastFeedTests.debug.xcconfig */,
				FE49B668B084678DFB9DF743 /* Pods-PodcastFeed-PodcastFeedTests.release.xcconfig */,
			);
			path = Pods;
			sourceTree = "<group>";
		};
		596EDF9529F8E2C1007C89F0 = {
			isa = PBXGroup;
			children = (
				5974A77A29F911590025F535 /* README.md */,
				596EDFA129F8E2C1007C89F0 /* PodcastFeed */,
				596EDFAD29F8E2C1007C89F0 /* PodcastFeedTests */,
				5975122129F961E900B193EE /* PodcastFeediOS */,
				5975122D29F961EA00B193EE /* PodcastFeediOSTests */,
				596EDFA029F8E2C1007C89F0 /* Products */,
				01016ABBB23C4A88175DDFBA /* Pods */,
				DD2728313C353F42B4DBBA1B /* Frameworks */,
			);
			sourceTree = "<group>";
		};
		596EDFA029F8E2C1007C89F0 /* Products */ = {
			isa = PBXGroup;
			children = (
				596EDF9F29F8E2C1007C89F0 /* PodcastFeed.framework */,
				596EDFA929F8E2C1007C89F0 /* PodcastFeedTests.xctest */,
				5975122029F961E900B193EE /* PodcastFeediOS.framework */,
				5975122929F961E900B193EE /* PodcastFeediOSTests.xctest */,
			);
			name = Products;
			sourceTree = "<group>";
		};
		596EDFA129F8E2C1007C89F0 /* PodcastFeed */ = {
			isa = PBXGroup;
			children = (
				5975120729F9175D00B193EE /* Podcast Models */,
				5974A77C29F913C20025F535 /* Podcast Protocol */,
				596EDFBB29F8EA58007C89F0 /* PodcastLoader.swift */,
				5975120A29F917E100B193EE /* PodcastLoaderAPI.swift */,
				5975121129F9553200B193EE /* RemotePodcastClient.swift */,
			);
			path = PodcastFeed;
			sourceTree = "<group>";
		};
		596EDFAD29F8E2C1007C89F0 /* PodcastFeedTests */ = {
			isa = PBXGroup;
			children = (
				596EDFAE29F8E2C1007C89F0 /* PodcastFeedEndToEndAPITests.swift */,
				596EDFB929F8E9F6007C89F0 /* PodcastFeedTests.swift */,
				5975120F29F94E0800B193EE /* Dummy.json */,
			);
			path = PodcastFeedTests;
			sourceTree = "<group>";
		};
		5974A77C29F913C20025F535 /* Podcast Protocol */ = {
			isa = PBXGroup;
			children = (
				5974A77D29F913D60025F535 /* PodcastClient.swift */,
			);
			path = "Podcast Protocol";
			sourceTree = "<group>";
		};
		5975120729F9175D00B193EE /* Podcast Models */ = {
			isa = PBXGroup;
			children = (
				5975120829F9176900B193EE /* Podcast.swift */,
			);
			path = "Podcast Models";
			sourceTree = "<group>";
		};
		5975122129F961E900B193EE /* PodcastFeediOS */ = {
			isa = PBXGroup;
			children = (
			);
			path = PodcastFeediOS;
			sourceTree = "<group>";
		};
		5975122D29F961EA00B193EE /* PodcastFeediOSTests */ = {
			isa = PBXGroup;
			children = (
				5975122E29F961EA00B193EE /* PodcastFeediOSTests.swift */,
			);
			path = PodcastFeediOSTests;
			sourceTree = "<group>";
		};
		DD2728313C353F42B4DBBA1B /* Frameworks */ = {
			isa = PBXGroup;
			children = (
				EC5F5C8F787D7D4FCBB0CE67 /* Pods_PodcastFeed.framework */,
				D98EF51D1B57050A4AAA9DAA /* Pods_PodcastFeed_PodcastFeedTests.framework */,
			);
			name = Frameworks;
			sourceTree = "<group>";
		};
/* End PBXGroup section */

/* Begin PBXHeadersBuildPhase section */
		596EDF9A29F8E2C1007C89F0 /* Headers */ = {
			isa = PBXHeadersBuildPhase;
			buildActionMask = 2147483647;
			files = (
			);
			runOnlyForDeploymentPostprocessing = 0;
		};
		5975121B29F961E900B193EE /* Headers */ = {
			isa = PBXHeadersBuildPhase;
			buildActionMask = 2147483647;
			files = (
			);
			runOnlyForDeploymentPostprocessing = 0;
		};
/* End PBXHeadersBuildPhase section */

/* Begin PBXNativeTarget section */
		596EDF9E29F8E2C1007C89F0 /* PodcastFeed */ = {
			isa = PBXNativeTarget;
			buildConfigurationList = 596EDFB329F8E2C1007C89F0 /* Build configuration list for PBXNativeTarget "PodcastFeed" */;
			buildPhases = (
				79423C812890B074110C2428 /* [CP] Check Pods Manifest.lock */,
				596EDF9A29F8E2C1007C89F0 /* Headers */,
				596EDF9B29F8E2C1007C89F0 /* Sources */,
				596EDF9C29F8E2C1007C89F0 /* Frameworks */,
				596EDF9D29F8E2C1007C89F0 /* Resources */,
			);
			buildRules = (
			);
			dependencies = (
			);
			name = PodcastFeed;
			productName = PodcastFeed;
			productReference = 596EDF9F29F8E2C1007C89F0 /* PodcastFeed.framework */;
			productType = "com.apple.product-type.framework";
		};
		596EDFA829F8E2C1007C89F0 /* PodcastFeedTests */ = {
			isa = PBXNativeTarget;
			buildConfigurationList = 596EDFB629F8E2C1007C89F0 /* Build configuration list for PBXNativeTarget "PodcastFeedTests" */;
			buildPhases = (
				C1CB9E28AAF757A4A6070A3E /* [CP] Check Pods Manifest.lock */,
				596EDFA529F8E2C1007C89F0 /* Sources */,
				596EDFA629F8E2C1007C89F0 /* Frameworks */,
				596EDFA729F8E2C1007C89F0 /* Resources */,
				922B982038C81A17BE1E438B /* [CP] Embed Pods Frameworks */,
			);
			buildRules = (
			);
			dependencies = (
				596EDFAC29F8E2C1007C89F0 /* PBXTargetDependency */,
			);
			name = PodcastFeedTests;
			productName = PodcastFeedTests;
			productReference = 596EDFA929F8E2C1007C89F0 /* PodcastFeedTests.xctest */;
			productType = "com.apple.product-type.bundle.unit-test";
		};
		5975121F29F961E900B193EE /* PodcastFeediOS */ = {
			isa = PBXNativeTarget;
			buildConfigurationList = 5975123129F961EA00B193EE /* Build configuration list for PBXNativeTarget "PodcastFeediOS" */;
			buildPhases = (
				5975121B29F961E900B193EE /* Headers */,
				5975121C29F961E900B193EE /* Sources */,
				5975121D29F961E900B193EE /* Frameworks */,
				5975121E29F961E900B193EE /* Resources */,
			);
			buildRules = (
			);
			dependencies = (
			);
			name = PodcastFeediOS;
			productName = PodcastFeediOS;
			productReference = 5975122029F961E900B193EE /* PodcastFeediOS.framework */;
			productType = "com.apple.product-type.framework";
		};
		5975122829F961E900B193EE /* PodcastFeediOSTests */ = {
			isa = PBXNativeTarget;
			buildConfigurationList = 5975123429F961EA00B193EE /* Build configuration list for PBXNativeTarget "PodcastFeediOSTests" */;
			buildPhases = (
				5975122529F961E900B193EE /* Sources */,
				5975122629F961E900B193EE /* Frameworks */,
				5975122729F961E900B193EE /* Resources */,
			);
			buildRules = (
			);
			dependencies = (
				5975122C29F961E900B193EE /* PBXTargetDependency */,
			);
			name = PodcastFeediOSTests;
			productName = PodcastFeediOSTests;
			productReference = 5975122929F961E900B193EE /* PodcastFeediOSTests.xctest */;
			productType = "com.apple.product-type.bundle.unit-test";
		};
/* End PBXNativeTarget section */

/* Begin PBXProject section */
		596EDF9629F8E2C1007C89F0 /* Project object */ = {
			isa = PBXProject;
			attributes = {
				BuildIndependentTargetsInParallel = 1;
				LastSwiftUpdateCheck = 1410;
				LastUpgradeCheck = 1410;
				TargetAttributes = {
					596EDF9E29F8E2C1007C89F0 = {
						CreatedOnToolsVersion = 14.1;
						LastSwiftMigration = 1410;
					};
					596EDFA829F8E2C1007C89F0 = {
						CreatedOnToolsVersion = 14.1;
					};
					5975121F29F961E900B193EE = {
						CreatedOnToolsVersion = 14.1;
					};
					5975122829F961E900B193EE = {
						CreatedOnToolsVersion = 14.1;
					};
				};
			};
			buildConfigurationList = 596EDF9929F8E2C1007C89F0 /* Build configuration list for PBXProject "PodcastFeed" */;
			compatibilityVersion = "Xcode 14.0";
			developmentRegion = en;
			hasScannedForEncodings = 0;
			knownRegions = (
				en,
				Base,
			);
			mainGroup = 596EDF9529F8E2C1007C89F0;
			productRefGroup = 596EDFA029F8E2C1007C89F0 /* Products */;
			projectDirPath = "";
			projectRoot = "";
			targets = (
				596EDF9E29F8E2C1007C89F0 /* PodcastFeed */,
				596EDFA829F8E2C1007C89F0 /* PodcastFeedTests */,
				5975121F29F961E900B193EE /* PodcastFeediOS */,
				5975122829F961E900B193EE /* PodcastFeediOSTests */,
			);
		};
/* End PBXProject section */

/* Begin PBXResourcesBuildPhase section */
		596EDF9D29F8E2C1007C89F0 /* Resources */ = {
			isa = PBXResourcesBuildPhase;
			buildActionMask = 2147483647;
			files = (
				5974A77B29F911590025F535 /* README.md in Resources */,
			);
			runOnlyForDeploymentPostprocessing = 0;
		};
		596EDFA729F8E2C1007C89F0 /* Resources */ = {
			isa = PBXResourcesBuildPhase;
			buildActionMask = 2147483647;
			files = (
				5975121029F94E0800B193EE /* Dummy.json in Resources */,
			);
			runOnlyForDeploymentPostprocessing = 0;
		};
		5975121E29F961E900B193EE /* Resources */ = {
			isa = PBXResourcesBuildPhase;
			buildActionMask = 2147483647;
			files = (
			);
			runOnlyForDeploymentPostprocessing = 0;
		};
		5975122729F961E900B193EE /* Resources */ = {
			isa = PBXResourcesBuildPhase;
			buildActionMask = 2147483647;
			files = (
			);
			runOnlyForDeploymentPostprocessing = 0;
		};
/* End PBXResourcesBuildPhase section */

/* Begin PBXShellScriptBuildPhase section */
		79423C812890B074110C2428 /* [CP] Check Pods Manifest.lock */ = {
			isa = PBXShellScriptBuildPhase;
			buildActionMask = 2147483647;
			files = (
			);
			inputFileListPaths = (
			);
			inputPaths = (
				"${PODS_PODFILE_DIR_PATH}/Podfile.lock",
				"${PODS_ROOT}/Manifest.lock",
			);
			name = "[CP] Check Pods Manifest.lock";
			outputFileListPaths = (
			);
			outputPaths = (
				"$(DERIVED_FILE_DIR)/Pods-PodcastFeed-checkManifestLockResult.txt",
			);
			runOnlyForDeploymentPostprocessing = 0;
			shellPath = /bin/sh;
			shellScript = "diff \"${PODS_PODFILE_DIR_PATH}/Podfile.lock\" \"${PODS_ROOT}/Manifest.lock\" > /dev/null\nif [ $? != 0 ] ; then\n    # print error to STDERR\n    echo \"error: The sandbox is not in sync with the Podfile.lock. Run 'pod install' or update your CocoaPods installation.\" >&2\n    exit 1\nfi\n# This output is used by Xcode 'outputs' to avoid re-running this script phase.\necho \"SUCCESS\" > \"${SCRIPT_OUTPUT_FILE_0}\"\n";
			showEnvVarsInLog = 0;
		};
		922B982038C81A17BE1E438B /* [CP] Embed Pods Frameworks */ = {
			isa = PBXShellScriptBuildPhase;
			buildActionMask = 2147483647;
			files = (
			);
			inputFileListPaths = (
				"${PODS_ROOT}/Target Support Files/Pods-PodcastFeed-PodcastFeedTests/Pods-PodcastFeed-PodcastFeedTests-frameworks-${CONFIGURATION}-input-files.xcfilelist",
			);
			name = "[CP] Embed Pods Frameworks";
			outputFileListPaths = (
				"${PODS_ROOT}/Target Support Files/Pods-PodcastFeed-PodcastFeedTests/Pods-PodcastFeed-PodcastFeedTests-frameworks-${CONFIGURATION}-output-files.xcfilelist",
			);
			runOnlyForDeploymentPostprocessing = 0;
			shellPath = /bin/sh;
			shellScript = "\"${PODS_ROOT}/Target Support Files/Pods-PodcastFeed-PodcastFeedTests/Pods-PodcastFeed-PodcastFeedTests-frameworks.sh\"\n";
			showEnvVarsInLog = 0;
		};
		C1CB9E28AAF757A4A6070A3E /* [CP] Check Pods Manifest.lock */ = {
			isa = PBXShellScriptBuildPhase;
			buildActionMask = 2147483647;
			files = (
			);
			inputFileListPaths = (
			);
			inputPaths = (
				"${PODS_PODFILE_DIR_PATH}/Podfile.lock",
				"${PODS_ROOT}/Manifest.lock",
			);
			name = "[CP] Check Pods Manifest.lock";
			outputFileListPaths = (
			);
			outputPaths = (
				"$(DERIVED_FILE_DIR)/Pods-PodcastFeed-PodcastFeedTests-checkManifestLockResult.txt",
			);
			runOnlyForDeploymentPostprocessing = 0;
			shellPath = /bin/sh;
			shellScript = "diff \"${PODS_PODFILE_DIR_PATH}/Podfile.lock\" \"${PODS_ROOT}/Manifest.lock\" > /dev/null\nif [ $? != 0 ] ; then\n    # print error to STDERR\n    echo \"error: The sandbox is not in sync with the Podfile.lock. Run 'pod install' or update your CocoaPods installation.\" >&2\n    exit 1\nfi\n# This output is used by Xcode 'outputs' to avoid re-running this script phase.\necho \"SUCCESS\" > \"${SCRIPT_OUTPUT_FILE_0}\"\n";
			showEnvVarsInLog = 0;
		};
/* End PBXShellScriptBuildPhase section */

/* Begin PBXSourcesBuildPhase section */
		596EDF9B29F8E2C1007C89F0 /* Sources */ = {
			isa = PBXSourcesBuildPhase;
			buildActionMask = 2147483647;
			files = (
				5975120B29F917E100B193EE /* PodcastLoaderAPI.swift in Sources */,
				596EDFBC29F8EA58007C89F0 /* PodcastLoader.swift in Sources */,
				5975121229F9553200B193EE /* RemotePodcastClient.swift in Sources */,
				5974A77E29F913D60025F535 /* PodcastClient.swift in Sources */,
				5975120929F9176900B193EE /* Podcast.swift in Sources */,
			);
			runOnlyForDeploymentPostprocessing = 0;
		};
		596EDFA529F8E2C1007C89F0 /* Sources */ = {
			isa = PBXSourcesBuildPhase;
			buildActionMask = 2147483647;
			files = (
				596EDFBA29F8E9F6007C89F0 /* PodcastFeedTests.swift in Sources */,
				596EDFAF29F8E2C1007C89F0 /* PodcastFeedEndToEndAPITests.swift in Sources */,
			);
			runOnlyForDeploymentPostprocessing = 0;
		};
		5975121C29F961E900B193EE /* Sources */ = {
			isa = PBXSourcesBuildPhase;
			buildActionMask = 2147483647;
			files = (
			);
			runOnlyForDeploymentPostprocessing = 0;
		};
		5975122529F961E900B193EE /* Sources */ = {
			isa = PBXSourcesBuildPhase;
			buildActionMask = 2147483647;
			files = (
				5975122F29F961EA00B193EE /* PodcastFeediOSTests.swift in Sources */,
			);
			runOnlyForDeploymentPostprocessing = 0;
		};
/* End PBXSourcesBuildPhase section */

/* Begin PBXTargetDependency section */
		596EDFAC29F8E2C1007C89F0 /* PBXTargetDependency */ = {
			isa = PBXTargetDependency;
			target = 596EDF9E29F8E2C1007C89F0 /* PodcastFeed */;
			targetProxy = 596EDFAB29F8E2C1007C89F0 /* PBXContainerItemProxy */;
		};
		5975122C29F961E900B193EE /* PBXTargetDependency */ = {
			isa = PBXTargetDependency;
			target = 5975121F29F961E900B193EE /* PodcastFeediOS */;
			targetProxy = 5975122B29F961E900B193EE /* PBXContainerItemProxy */;
		};
/* End PBXTargetDependency section */

/* Begin XCBuildConfiguration section */
		596EDFB129F8E2C1007C89F0 /* Debug */ = {
			isa = XCBuildConfiguration;
			buildSettings = {
				ALWAYS_SEARCH_USER_PATHS = NO;
				CLANG_ANALYZER_NONNULL = YES;
				CLANG_ANALYZER_NUMBER_OBJECT_CONVERSION = YES_AGGRESSIVE;
				CLANG_CXX_LANGUAGE_STANDARD = "gnu++20";
				CLANG_ENABLE_MODULES = YES;
				CLANG_ENABLE_OBJC_ARC = YES;
				CLANG_ENABLE_OBJC_WEAK = YES;
				CLANG_WARN_BLOCK_CAPTURE_AUTORELEASING = YES;
				CLANG_WARN_BOOL_CONVERSION = YES;
				CLANG_WARN_COMMA = YES;
				CLANG_WARN_CONSTANT_CONVERSION = YES;
				CLANG_WARN_DEPRECATED_OBJC_IMPLEMENTATIONS = YES;
				CLANG_WARN_DIRECT_OBJC_ISA_USAGE = YES_ERROR;
				CLANG_WARN_DOCUMENTATION_COMMENTS = YES;
				CLANG_WARN_EMPTY_BODY = YES;
				CLANG_WARN_ENUM_CONVERSION = YES;
				CLANG_WARN_INFINITE_RECURSION = YES;
				CLANG_WARN_INT_CONVERSION = YES;
				CLANG_WARN_NON_LITERAL_NULL_CONVERSION = YES;
				CLANG_WARN_OBJC_IMPLICIT_RETAIN_SELF = YES;
				CLANG_WARN_OBJC_LITERAL_CONVERSION = YES;
				CLANG_WARN_OBJC_ROOT_CLASS = YES_ERROR;
				CLANG_WARN_QUOTED_INCLUDE_IN_FRAMEWORK_HEADER = YES;
				CLANG_WARN_RANGE_LOOP_ANALYSIS = YES;
				CLANG_WARN_STRICT_PROTOTYPES = YES;
				CLANG_WARN_SUSPICIOUS_MOVE = YES;
				CLANG_WARN_UNGUARDED_AVAILABILITY = YES_AGGRESSIVE;
				CLANG_WARN_UNREACHABLE_CODE = YES;
				CLANG_WARN__DUPLICATE_METHOD_MATCH = YES;
				COPY_PHASE_STRIP = NO;
				CURRENT_PROJECT_VERSION = 1;
				DEBUG_INFORMATION_FORMAT = dwarf;
				ENABLE_STRICT_OBJC_MSGSEND = YES;
				ENABLE_TESTABILITY = YES;
				GCC_C_LANGUAGE_STANDARD = gnu11;
				GCC_DYNAMIC_NO_PIC = NO;
				GCC_NO_COMMON_BLOCKS = YES;
				GCC_OPTIMIZATION_LEVEL = 0;
				GCC_PREPROCESSOR_DEFINITIONS = (
					"DEBUG=1",
					"$(inherited)",
				);
				GCC_WARN_64_TO_32_BIT_CONVERSION = YES;
				GCC_WARN_ABOUT_RETURN_TYPE = YES_ERROR;
				GCC_WARN_UNDECLARED_SELECTOR = YES;
				GCC_WARN_UNINITIALIZED_AUTOS = YES_AGGRESSIVE;
				GCC_WARN_UNUSED_FUNCTION = YES;
				GCC_WARN_UNUSED_VARIABLE = YES;
				MACOSX_DEPLOYMENT_TARGET = 13.0;
				MTL_ENABLE_DEBUG_INFO = INCLUDE_SOURCE;
				MTL_FAST_MATH = YES;
				ONLY_ACTIVE_ARCH = YES;
				SDKROOT = macosx;
				SWIFT_ACTIVE_COMPILATION_CONDITIONS = DEBUG;
				SWIFT_OPTIMIZATION_LEVEL = "-Onone";
				VERSIONING_SYSTEM = "apple-generic";
				VERSION_INFO_PREFIX = "";
			};
			name = Debug;
		};
		596EDFB229F8E2C1007C89F0 /* Release */ = {
			isa = XCBuildConfiguration;
			buildSettings = {
				ALWAYS_SEARCH_USER_PATHS = NO;
				CLANG_ANALYZER_NONNULL = YES;
				CLANG_ANALYZER_NUMBER_OBJECT_CONVERSION = YES_AGGRESSIVE;
				CLANG_CXX_LANGUAGE_STANDARD = "gnu++20";
				CLANG_ENABLE_MODULES = YES;
				CLANG_ENABLE_OBJC_ARC = YES;
				CLANG_ENABLE_OBJC_WEAK = YES;
				CLANG_WARN_BLOCK_CAPTURE_AUTORELEASING = YES;
				CLANG_WARN_BOOL_CONVERSION = YES;
				CLANG_WARN_COMMA = YES;
				CLANG_WARN_CONSTANT_CONVERSION = YES;
				CLANG_WARN_DEPRECATED_OBJC_IMPLEMENTATIONS = YES;
				CLANG_WARN_DIRECT_OBJC_ISA_USAGE = YES_ERROR;
				CLANG_WARN_DOCUMENTATION_COMMENTS = YES;
				CLANG_WARN_EMPTY_BODY = YES;
				CLANG_WARN_ENUM_CONVERSION = YES;
				CLANG_WARN_INFINITE_RECURSION = YES;
				CLANG_WARN_INT_CONVERSION = YES;
				CLANG_WARN_NON_LITERAL_NULL_CONVERSION = YES;
				CLANG_WARN_OBJC_IMPLICIT_RETAIN_SELF = YES;
				CLANG_WARN_OBJC_LITERAL_CONVERSION = YES;
				CLANG_WARN_OBJC_ROOT_CLASS = YES_ERROR;
				CLANG_WARN_QUOTED_INCLUDE_IN_FRAMEWORK_HEADER = YES;
				CLANG_WARN_RANGE_LOOP_ANALYSIS = YES;
				CLANG_WARN_STRICT_PROTOTYPES = YES;
				CLANG_WARN_SUSPICIOUS_MOVE = YES;
				CLANG_WARN_UNGUARDED_AVAILABILITY = YES_AGGRESSIVE;
				CLANG_WARN_UNREACHABLE_CODE = YES;
				CLANG_WARN__DUPLICATE_METHOD_MATCH = YES;
				COPY_PHASE_STRIP = NO;
				CURRENT_PROJECT_VERSION = 1;
				DEBUG_INFORMATION_FORMAT = "dwarf-with-dsym";
				ENABLE_NS_ASSERTIONS = NO;
				ENABLE_STRICT_OBJC_MSGSEND = YES;
				GCC_C_LANGUAGE_STANDARD = gnu11;
				GCC_NO_COMMON_BLOCKS = YES;
				GCC_WARN_64_TO_32_BIT_CONVERSION = YES;
				GCC_WARN_ABOUT_RETURN_TYPE = YES_ERROR;
				GCC_WARN_UNDECLARED_SELECTOR = YES;
				GCC_WARN_UNINITIALIZED_AUTOS = YES_AGGRESSIVE;
				GCC_WARN_UNUSED_FUNCTION = YES;
				GCC_WARN_UNUSED_VARIABLE = YES;
				MACOSX_DEPLOYMENT_TARGET = 13.0;
				MTL_ENABLE_DEBUG_INFO = NO;
				MTL_FAST_MATH = YES;
				SDKROOT = macosx;
				SWIFT_COMPILATION_MODE = wholemodule;
				SWIFT_OPTIMIZATION_LEVEL = "-O";
				VERSIONING_SYSTEM = "apple-generic";
				VERSION_INFO_PREFIX = "";
			};
			name = Release;
		};
		596EDFB429F8E2C1007C89F0 /* Debug */ = {
			isa = XCBuildConfiguration;
			baseConfigurationReference = C90BF3B22B02A041D6224BAB /* Pods-PodcastFeed.debug.xcconfig */;
			buildSettings = {
				CLANG_ENABLE_MODULES = YES;
				CODE_SIGN_STYLE = Automatic;
				COMBINE_HIDPI_IMAGES = YES;
				CURRENT_PROJECT_VERSION = 1;
				DEFINES_MODULE = YES;
				DEVELOPMENT_TEAM = 4E59WA6F2N;
				DYLIB_COMPATIBILITY_VERSION = 1;
				DYLIB_CURRENT_VERSION = 1;
				DYLIB_INSTALL_NAME_BASE = "@rpath";
				GENERATE_INFOPLIST_FILE = YES;
				INFOPLIST_KEY_NSHumanReadableCopyright = "";
				INSTALL_PATH = "$(LOCAL_LIBRARY_DIR)/Frameworks";
				LD_RUNPATH_SEARCH_PATHS = (
					"$(inherited)",
					"@executable_path/../Frameworks",
					"@loader_path/Frameworks",
				);
				MARKETING_VERSION = 1.0;
				PRODUCT_BUNDLE_IDENTIFIER = com.heyhub.PodcastFeed;
				PRODUCT_NAME = "$(TARGET_NAME:c99extidentifier)";
				SKIP_INSTALL = YES;
				SWIFT_EMIT_LOC_STRINGS = YES;
				SWIFT_OPTIMIZATION_LEVEL = "-Onone";
				SWIFT_VERSION = 5.0;
			};
			name = Debug;
		};
		596EDFB529F8E2C1007C89F0 /* Release */ = {
			isa = XCBuildConfiguration;
			baseConfigurationReference = C1DB9E5485C34170272B9708 /* Pods-PodcastFeed.release.xcconfig */;
			buildSettings = {
				CLANG_ENABLE_MODULES = YES;
				CODE_SIGN_STYLE = Automatic;
				COMBINE_HIDPI_IMAGES = YES;
				CURRENT_PROJECT_VERSION = 1;
				DEFINES_MODULE = YES;
				DEVELOPMENT_TEAM = 4E59WA6F2N;
				DYLIB_COMPATIBILITY_VERSION = 1;
				DYLIB_CURRENT_VERSION = 1;
				DYLIB_INSTALL_NAME_BASE = "@rpath";
				GENERATE_INFOPLIST_FILE = YES;
				INFOPLIST_KEY_NSHumanReadableCopyright = "";
				INSTALL_PATH = "$(LOCAL_LIBRARY_DIR)/Frameworks";
				LD_RUNPATH_SEARCH_PATHS = (
					"$(inherited)",
					"@executable_path/../Frameworks",
					"@loader_path/Frameworks",
				);
				MARKETING_VERSION = 1.0;
				PRODUCT_BUNDLE_IDENTIFIER = com.heyhub.PodcastFeed;
				PRODUCT_NAME = "$(TARGET_NAME:c99extidentifier)";
				SKIP_INSTALL = YES;
				SWIFT_EMIT_LOC_STRINGS = YES;
				SWIFT_VERSION = 5.0;
			};
			name = Release;
		};
		596EDFB729F8E2C1007C89F0 /* Debug */ = {
			isa = XCBuildConfiguration;
			baseConfigurationReference = 810F04BE47ECD287DA18ADE7 /* Pods-PodcastFeed-PodcastFeedTests.debug.xcconfig */;
			buildSettings = {
				ALWAYS_EMBED_SWIFT_STANDARD_LIBRARIES = YES;
				CODE_SIGN_STYLE = Automatic;
				CURRENT_PROJECT_VERSION = 1;
				DEVELOPMENT_TEAM = 4E59WA6F2N;
				GENERATE_INFOPLIST_FILE = YES;
				MARKETING_VERSION = 1.0;
				PRODUCT_BUNDLE_IDENTIFIER = com.heyhub.PodcastFeedTests;
				PRODUCT_NAME = "$(TARGET_NAME)";
				SWIFT_EMIT_LOC_STRINGS = NO;
				SWIFT_VERSION = 5.0;
			};
			name = Debug;
		};
		596EDFB829F8E2C1007C89F0 /* Release */ = {
			isa = XCBuildConfiguration;
			baseConfigurationReference = FE49B668B084678DFB9DF743 /* Pods-PodcastFeed-PodcastFeedTests.release.xcconfig */;
			buildSettings = {
				ALWAYS_EMBED_SWIFT_STANDARD_LIBRARIES = YES;
				CODE_SIGN_STYLE = Automatic;
				CURRENT_PROJECT_VERSION = 1;
				DEVELOPMENT_TEAM = 4E59WA6F2N;
				GENERATE_INFOPLIST_FILE = YES;
				MARKETING_VERSION = 1.0;
				PRODUCT_BUNDLE_IDENTIFIER = com.heyhub.PodcastFeedTests;
				PRODUCT_NAME = "$(TARGET_NAME)";
				SWIFT_EMIT_LOC_STRINGS = NO;
				SWIFT_VERSION = 5.0;
			};
			name = Release;
		};
		5975123229F961EA00B193EE /* Debug */ = {
			isa = XCBuildConfiguration;
			buildSettings = {
				CODE_SIGN_STYLE = Automatic;
				CURRENT_PROJECT_VERSION = 1;
				DEFINES_MODULE = YES;
				DEVELOPMENT_TEAM = 4E59WA6F2N;
				DYLIB_COMPATIBILITY_VERSION = 1;
				DYLIB_CURRENT_VERSION = 1;
				DYLIB_INSTALL_NAME_BASE = "@rpath";
				GENERATE_INFOPLIST_FILE = YES;
				INFOPLIST_KEY_NSHumanReadableCopyright = "";
				INSTALL_PATH = "$(LOCAL_LIBRARY_DIR)/Frameworks";
				IPHONEOS_DEPLOYMENT_TARGET = 16.1;
				LD_RUNPATH_SEARCH_PATHS = (
					"$(inherited)",
					"@executable_path/Frameworks",
					"@loader_path/Frameworks",
				);
				MARKETING_VERSION = 1.0;
				PRODUCT_BUNDLE_IDENTIFIER = com.heyhub.PodcastFeediOS;
				PRODUCT_NAME = "$(TARGET_NAME:c99extidentifier)";
				SDKROOT = iphoneos;
				SKIP_INSTALL = YES;
				SWIFT_EMIT_LOC_STRINGS = YES;
				SWIFT_VERSION = 5.0;
				TARGETED_DEVICE_FAMILY = "1,2";
			};
			name = Debug;
		};
		5975123329F961EA00B193EE /* Release */ = {
			isa = XCBuildConfiguration;
			buildSettings = {
				CODE_SIGN_STYLE = Automatic;
				CURRENT_PROJECT_VERSION = 1;
				DEFINES_MODULE = YES;
				DEVELOPMENT_TEAM = 4E59WA6F2N;
				DYLIB_COMPATIBILITY_VERSION = 1;
				DYLIB_CURRENT_VERSION = 1;
				DYLIB_INSTALL_NAME_BASE = "@rpath";
				GENERATE_INFOPLIST_FILE = YES;
				INFOPLIST_KEY_NSHumanReadableCopyright = "";
				INSTALL_PATH = "$(LOCAL_LIBRARY_DIR)/Frameworks";
				IPHONEOS_DEPLOYMENT_TARGET = 16.1;
				LD_RUNPATH_SEARCH_PATHS = (
					"$(inherited)",
					"@executable_path/Frameworks",
					"@loader_path/Frameworks",
				);
				MARKETING_VERSION = 1.0;
				PRODUCT_BUNDLE_IDENTIFIER = com.heyhub.PodcastFeediOS;
				PRODUCT_NAME = "$(TARGET_NAME:c99extidentifier)";
				SDKROOT = iphoneos;
				SKIP_INSTALL = YES;
				SWIFT_EMIT_LOC_STRINGS = YES;
				SWIFT_VERSION = 5.0;
				TARGETED_DEVICE_FAMILY = "1,2";
				VALIDATE_PRODUCT = YES;
			};
			name = Release;
		};
		5975123529F961EA00B193EE /* Debug */ = {
			isa = XCBuildConfiguration;
			buildSettings = {
				CODE_SIGN_STYLE = Automatic;
				CURRENT_PROJECT_VERSION = 1;
				DEVELOPMENT_TEAM = 4E59WA6F2N;
				GENERATE_INFOPLIST_FILE = YES;
				IPHONEOS_DEPLOYMENT_TARGET = 16.1;
				MARKETING_VERSION = 1.0;
				PRODUCT_BUNDLE_IDENTIFIER = com.heyhub.PodcastFeediOSTests;
				PRODUCT_NAME = "$(TARGET_NAME)";
				SDKROOT = iphoneos;
				SWIFT_EMIT_LOC_STRINGS = NO;
				SWIFT_VERSION = 5.0;
				TARGETED_DEVICE_FAMILY = "1,2";
			};
			name = Debug;
		};
		5975123629F961EA00B193EE /* Release */ = {
			isa = XCBuildConfiguration;
			buildSettings = {
				CODE_SIGN_STYLE = Automatic;
				CURRENT_PROJECT_VERSION = 1;
				DEVELOPMENT_TEAM = 4E59WA6F2N;
				GENERATE_INFOPLIST_FILE = YES;
				IPHONEOS_DEPLOYMENT_TARGET = 16.1;
				MARKETING_VERSION = 1.0;
				PRODUCT_BUNDLE_IDENTIFIER = com.heyhub.PodcastFeediOSTests;
				PRODUCT_NAME = "$(TARGET_NAME)";
				SDKROOT = iphoneos;
				SWIFT_EMIT_LOC_STRINGS = NO;
				SWIFT_VERSION = 5.0;
				TARGETED_DEVICE_FAMILY = "1,2";
				VALIDATE_PRODUCT = YES;
			};
			name = Release;
		};
/* End XCBuildConfiguration section */

/* Begin XCConfigurationList section */
		596EDF9929F8E2C1007C89F0 /* Build configuration list for PBXProject "PodcastFeed" */ = {
			isa = XCConfigurationList;
			buildConfigurations = (
				596EDFB129F8E2C1007C89F0 /* Debug */,
				596EDFB229F8E2C1007C89F0 /* Release */,
			);
			defaultConfigurationIsVisible = 0;
			defaultConfigurationName = Release;
		};
		596EDFB329F8E2C1007C89F0 /* Build configuration list for PBXNativeTarget "PodcastFeed" */ = {
			isa = XCConfigurationList;
			buildConfigurations = (
				596EDFB429F8E2C1007C89F0 /* Debug */,
				596EDFB529F8E2C1007C89F0 /* Release */,
			);
			defaultConfigurationIsVisible = 0;
			defaultConfigurationName = Release;
		};
		596EDFB629F8E2C1007C89F0 /* Build configuration list for PBXNativeTarget "PodcastFeedTests" */ = {
			isa = XCConfigurationList;
			buildConfigurations = (
				596EDFB729F8E2C1007C89F0 /* Debug */,
				596EDFB829F8E2C1007C89F0 /* Release */,
			);
			defaultConfigurationIsVisible = 0;
			defaultConfigurationName = Release;
		};
		5975123129F961EA00B193EE /* Build configuration list for PBXNativeTarget "PodcastFeediOS" */ = {
			isa = XCConfigurationList;
			buildConfigurations = (
				5975123229F961EA00B193EE /* Debug */,
				5975123329F961EA00B193EE /* Release */,
			);
			defaultConfigurationIsVisible = 0;
			defaultConfigurationName = Release;
		};
		5975123429F961EA00B193EE /* Build configuration list for PBXNativeTarget "PodcastFeediOSTests" */ = {
			isa = XCConfigurationList;
			buildConfigurations = (
				5975123529F961EA00B193EE /* Debug */,
				5975123629F961EA00B193EE /* Release */,
			);
			defaultConfigurationIsVisible = 0;
			defaultConfigurationName = Release;
		};
/* End XCConfigurationList section */
	};
	rootObject = 596EDF9629F8E2C1007C89F0 /* Project object */;
}
